// !$*UTF8*$!
{
	archiveVersion = 1;
	classes = {
	};
	objectVersion = 56;
	objects = {

/* Begin PBXBuildFile section */
		0B0E73720AE139DAB316F084 /* Pods_zhihunews_work_zhihunews_workUITests.framework in Frameworks */ = {isa = PBXBuildFile; fileRef = 9CF48B3C9CAB06E4DF810C5C /* Pods_zhihunews_work_zhihunews_workUITests.framework */; };
		0C98E80476DB30C8E04B7F5B /* Pods_zhihunews_workTests.framework in Frameworks */ = {isa = PBXBuildFile; fileRef = 1B5927CF3629325F4B0B29AF /* Pods_zhihunews_workTests.framework */; };
		8EBB910111AB7B7F9D98DF12 /* Pods_zhihunews_work.framework in Frameworks */ = {isa = PBXBuildFile; fileRef = D81D19E4A8846032BD38F3FA /* Pods_zhihunews_work.framework */; };
		EF867D4E2944748300049254 /* AppDelegate.swift in Sources */ = {isa = PBXBuildFile; fileRef = EF867D4D2944748300049254 /* AppDelegate.swift */; };
		EF867D522944748300049254 /* NavigationViewController.swift in Sources */ = {isa = PBXBuildFile; fileRef = EF867D512944748300049254 /* NavigationViewController.swift */; };
		EF867D572944748400049254 /* Assets.xcassets in Resources */ = {isa = PBXBuildFile; fileRef = EF867D562944748400049254 /* Assets.xcassets */; };
		EF867D5A2944748400049254 /* LaunchScreen.storyboard in Resources */ = {isa = PBXBuildFile; fileRef = EF867D582944748400049254 /* LaunchScreen.storyboard */; };
		EF867D652944748400049254 /* zhihunews_workTests.swift in Sources */ = {isa = PBXBuildFile; fileRef = EF867D642944748400049254 /* zhihunews_workTests.swift */; };
		EF867D6F2944748400049254 /* zhihunews_workUITests.swift in Sources */ = {isa = PBXBuildFile; fileRef = EF867D6E2944748400049254 /* zhihunews_workUITests.swift */; };
		EF867D712944748400049254 /* zhihunews_workUITestsLaunchTests.swift in Sources */ = {isa = PBXBuildFile; fileRef = EF867D702944748400049254 /* zhihunews_workUITestsLaunchTests.swift */; };
		EF867D81294483A500049254 /* HomeViewController.swift in Sources */ = {isa = PBXBuildFile; fileRef = EF867D80294483A500049254 /* HomeViewController.swift */; };
		EF8A4E31294C813800EA3D64 /* stories.swift in Sources */ = {isa = PBXBuildFile; fileRef = EF8A4E30294C813800EA3D64 /* stories.swift */; };
/* End PBXBuildFile section */

/* Begin PBXContainerItemProxy section */
		EF867D612944748400049254 /* PBXContainerItemProxy */ = {
			isa = PBXContainerItemProxy;
			containerPortal = EF867D422944748300049254 /* Project object */;
			proxyType = 1;
			remoteGlobalIDString = EF867D492944748300049254;
			remoteInfo = "zhihunews-work";
		};
		EF867D6B2944748400049254 /* PBXContainerItemProxy */ = {
			isa = PBXContainerItemProxy;
			containerPortal = EF867D422944748300049254 /* Project object */;
			proxyType = 1;
			remoteGlobalIDString = EF867D492944748300049254;
			remoteInfo = "zhihunews-work";
		};
/* End PBXContainerItemProxy section */

/* Begin PBXFileReference section */
		1B5927CF3629325F4B0B29AF /* Pods_zhihunews_workTests.framework */ = {isa = PBXFileReference; explicitFileType = wrapper.framework; includeInIndex = 0; path = Pods_zhihunews_workTests.framework; sourceTree = BUILT_PRODUCTS_DIR; };
		976F3A3B31C08577F1B89634 /* Pods-zhihunews-work-zhihunews-workUITests.release.xcconfig */ = {isa = PBXFileReference; includeInIndex = 1; lastKnownFileType = text.xcconfig; name = "Pods-zhihunews-work-zhihunews-workUITests.release.xcconfig"; path = "Target Support Files/Pods-zhihunews-work-zhihunews-workUITests/Pods-zhihunews-work-zhihunews-workUITests.release.xcconfig"; sourceTree = "<group>"; };
		9CF48B3C9CAB06E4DF810C5C /* Pods_zhihunews_work_zhihunews_workUITests.framework */ = {isa = PBXFileReference; explicitFileType = wrapper.framework; includeInIndex = 0; path = Pods_zhihunews_work_zhihunews_workUITests.framework; sourceTree = BUILT_PRODUCTS_DIR; };
		A75A0378EE16977F26240781 /* Pods-zhihunews-workTests.debug.xcconfig */ = {isa = PBXFileReference; includeInIndex = 1; lastKnownFileType = text.xcconfig; name = "Pods-zhihunews-workTests.debug.xcconfig"; path = "Target Support Files/Pods-zhihunews-workTests/Pods-zhihunews-workTests.debug.xcconfig"; sourceTree = "<group>"; };
		C785F13EE3F9218F631CE9DB /* Pods-zhihunews-workTests.release.xcconfig */ = {isa = PBXFileReference; includeInIndex = 1; lastKnownFileType = text.xcconfig; name = "Pods-zhihunews-workTests.release.xcconfig"; path = "Target Support Files/Pods-zhihunews-workTests/Pods-zhihunews-workTests.release.xcconfig"; sourceTree = "<group>"; };
		CE4D4D2D4B3FEFE5EBA8B1E3 /* Pods-zhihunews-work.release.xcconfig */ = {isa = PBXFileReference; includeInIndex = 1; lastKnownFileType = text.xcconfig; name = "Pods-zhihunews-work.release.xcconfig"; path = "Target Support Files/Pods-zhihunews-work/Pods-zhihunews-work.release.xcconfig"; sourceTree = "<group>"; };
		D81D19E4A8846032BD38F3FA /* Pods_zhihunews_work.framework */ = {isa = PBXFileReference; explicitFileType = wrapper.framework; includeInIndex = 0; path = Pods_zhihunews_work.framework; sourceTree = BUILT_PRODUCTS_DIR; };
		EACA3AA7BA19BD18501CDBCB /* Pods-zhihunews-work-zhihunews-workUITests.debug.xcconfig */ = {isa = PBXFileReference; includeInIndex = 1; lastKnownFileType = text.xcconfig; name = "Pods-zhihunews-work-zhihunews-workUITests.debug.xcconfig"; path = "Target Support Files/Pods-zhihunews-work-zhihunews-workUITests/Pods-zhihunews-work-zhihunews-workUITests.debug.xcconfig"; sourceTree = "<group>"; };
		EF867D4A2944748300049254 /* zhihunews-work.app */ = {isa = PBXFileReference; explicitFileType = wrapper.application; includeInIndex = 0; path = "zhihunews-work.app"; sourceTree = BUILT_PRODUCTS_DIR; };
		EF867D4D2944748300049254 /* AppDelegate.swift */ = {isa = PBXFileReference; lastKnownFileType = sourcecode.swift; path = AppDelegate.swift; sourceTree = "<group>"; };
		EF867D512944748300049254 /* NavigationViewController.swift */ = {isa = PBXFileReference; lastKnownFileType = sourcecode.swift; path = NavigationViewController.swift; sourceTree = "<group>"; };
		EF867D562944748400049254 /* Assets.xcassets */ = {isa = PBXFileReference; lastKnownFileType = folder.assetcatalog; path = Assets.xcassets; sourceTree = "<group>"; };
		EF867D592944748400049254 /* Base */ = {isa = PBXFileReference; lastKnownFileType = file.storyboard; name = Base; path = Base.lproj/LaunchScreen.storyboard; sourceTree = "<group>"; };
		EF867D5B2944748400049254 /* Info.plist */ = {isa = PBXFileReference; lastKnownFileType = text.plist.xml; path = Info.plist; sourceTree = "<group>"; };
		EF867D602944748400049254 /* zhihunews-workTests.xctest */ = {isa = PBXFileReference; explicitFileType = wrapper.cfbundle; includeInIndex = 0; path = "zhihunews-workTests.xctest"; sourceTree = BUILT_PRODUCTS_DIR; };
		EF867D642944748400049254 /* zhihunews_workTests.swift */ = {isa = PBXFileReference; lastKnownFileType = sourcecode.swift; path = zhihunews_workTests.swift; sourceTree = "<group>"; };
		EF867D6A2944748400049254 /* zhihunews-workUITests.xctest */ = {isa = PBXFileReference; explicitFileType = wrapper.cfbundle; includeInIndex = 0; path = "zhihunews-workUITests.xctest"; sourceTree = BUILT_PRODUCTS_DIR; };
		EF867D6E2944748400049254 /* zhihunews_workUITests.swift */ = {isa = PBXFileReference; lastKnownFileType = sourcecode.swift; path = zhihunews_workUITests.swift; sourceTree = "<group>"; };
		EF867D702944748400049254 /* zhihunews_workUITestsLaunchTests.swift */ = {isa = PBXFileReference; lastKnownFileType = sourcecode.swift; path = zhihunews_workUITestsLaunchTests.swift; sourceTree = "<group>"; };
		EF867D80294483A500049254 /* HomeViewController.swift */ = {isa = PBXFileReference; lastKnownFileType = sourcecode.swift; path = HomeViewController.swift; sourceTree = "<group>"; };
		EF8A4E30294C813800EA3D64 /* stories.swift */ = {isa = PBXFileReference; lastKnownFileType = sourcecode.swift; path = stories.swift; sourceTree = "<group>"; };
		FDF3883229F94A0825016A03 /* Pods-zhihunews-work.debug.xcconfig */ = {isa = PBXFileReference; includeInIndex = 1; lastKnownFileType = text.xcconfig; name = "Pods-zhihunews-work.debug.xcconfig"; path = "Target Support Files/Pods-zhihunews-work/Pods-zhihunews-work.debug.xcconfig"; sourceTree = "<group>"; };
/* End PBXFileReference section */

/* Begin PBXFrameworksBuildPhase section */
		EF867D472944748300049254 /* Frameworks */ = {
			isa = PBXFrameworksBuildPhase;
			buildActionMask = 2147483647;
			files = (
				8EBB910111AB7B7F9D98DF12 /* Pods_zhihunews_work.framework in Frameworks */,
			);
			runOnlyForDeploymentPostprocessing = 0;
		};
		EF867D5D2944748400049254 /* Frameworks */ = {
			isa = PBXFrameworksBuildPhase;
			buildActionMask = 2147483647;
			files = (
				0C98E80476DB30C8E04B7F5B /* Pods_zhihunews_workTests.framework in Frameworks */,
			);
			runOnlyForDeploymentPostprocessing = 0;
		};
		EF867D672944748400049254 /* Frameworks */ = {
			isa = PBXFrameworksBuildPhase;
			buildActionMask = 2147483647;
			files = (
				0B0E73720AE139DAB316F084 /* Pods_zhihunews_work_zhihunews_workUITests.framework in Frameworks */,
			);
			runOnlyForDeploymentPostprocessing = 0;
		};
/* End PBXFrameworksBuildPhase section */

/* Begin PBXGroup section */
		4D8730EAC2D2768BEBF94AF7 /* Pods */ = {
			isa = PBXGroup;
			children = (
				FDF3883229F94A0825016A03 /* Pods-zhihunews-work.debug.xcconfig */,
				CE4D4D2D4B3FEFE5EBA8B1E3 /* Pods-zhihunews-work.release.xcconfig */,
				EACA3AA7BA19BD18501CDBCB /* Pods-zhihunews-work-zhihunews-workUITests.debug.xcconfig */,
				976F3A3B31C08577F1B89634 /* Pods-zhihunews-work-zhihunews-workUITests.release.xcconfig */,
				A75A0378EE16977F26240781 /* Pods-zhihunews-workTests.debug.xcconfig */,
				C785F13EE3F9218F631CE9DB /* Pods-zhihunews-workTests.release.xcconfig */,
			);
			path = Pods;
			sourceTree = "<group>";
		};
		A4E28D0ACEBF01E32C56C4AC /* Frameworks */ = {
			isa = PBXGroup;
			children = (
				D81D19E4A8846032BD38F3FA /* Pods_zhihunews_work.framework */,
				9CF48B3C9CAB06E4DF810C5C /* Pods_zhihunews_work_zhihunews_workUITests.framework */,
				1B5927CF3629325F4B0B29AF /* Pods_zhihunews_workTests.framework */,
			);
			name = Frameworks;
			sourceTree = "<group>";
		};
		EF867D412944748300049254 = {
			isa = PBXGroup;
			children = (
				EF867D4C2944748300049254 /* zhihunews-work */,
				EF867D632944748400049254 /* zhihunews-workTests */,
				EF867D6D2944748400049254 /* zhihunews-workUITests */,
				EF867D4B2944748300049254 /* Products */,
				4D8730EAC2D2768BEBF94AF7 /* Pods */,
				A4E28D0ACEBF01E32C56C4AC /* Frameworks */,
			);
			sourceTree = "<group>";
		};
		EF867D4B2944748300049254 /* Products */ = {
			isa = PBXGroup;
			children = (
				EF867D4A2944748300049254 /* zhihunews-work.app */,
				EF867D602944748400049254 /* zhihunews-workTests.xctest */,
				EF867D6A2944748400049254 /* zhihunews-workUITests.xctest */,
			);
			name = Products;
			sourceTree = "<group>";
		};
		EF867D4C2944748300049254 /* zhihunews-work */ = {
			isa = PBXGroup;
			children = (
				EF8A4E34294C828000EA3D64 /* views */,
				EF8A4E2F294C811500EA3D64 /* models */,
				EF867D7D294478B500049254 /* controllers */,
				EF867D4D2944748300049254 /* AppDelegate.swift */,
				EF867D512944748300049254 /* NavigationViewController.swift */,
				EF867D562944748400049254 /* Assets.xcassets */,
				EF867D582944748400049254 /* LaunchScreen.storyboard */,
				EF867D5B2944748400049254 /* Info.plist */,
			);
			path = "zhihunews-work";
			sourceTree = "<group>";
		};
		EF867D632944748400049254 /* zhihunews-workTests */ = {
			isa = PBXGroup;
			children = (
				EF867D642944748400049254 /* zhihunews_workTests.swift */,
			);
			path = "zhihunews-workTests";
			sourceTree = "<group>";
		};
		EF867D6D2944748400049254 /* zhihunews-workUITests */ = {
			isa = PBXGroup;
			children = (
				EF867D6E2944748400049254 /* zhihunews_workUITests.swift */,
				EF867D702944748400049254 /* zhihunews_workUITestsLaunchTests.swift */,
			);
			path = "zhihunews-workUITests";
			sourceTree = "<group>";
		};
		EF867D7D294478B500049254 /* controllers */ = {
			isa = PBXGroup;
			children = (
				EF867D80294483A500049254 /* HomeViewController.swift */,
			);
			path = controllers;
			sourceTree = "<group>";
		};
		EF8A4E2F294C811500EA3D64 /* models */ = {
			isa = PBXGroup;
			children = (
				EF8A4E30294C813800EA3D64 /* stories.swift */,
			);
			path = models;
			sourceTree = "<group>";
		};
		EF8A4E34294C828000EA3D64 /* views */ = {
			isa = PBXGroup;
			children = (
			);
			path = views;
			sourceTree = "<group>";
		};
/* End PBXGroup section */

/* Begin PBXNativeTarget section */
		EF867D492944748300049254 /* zhihunews-work */ = {
			isa = PBXNativeTarget;
			buildConfigurationList = EF867D742944748400049254 /* Build configuration list for PBXNativeTarget "zhihunews-work" */;
			buildPhases = (
				8DCC5B2B80CE7284D3B97B25 /* [CP] Check Pods Manifest.lock */,
				EF867D462944748300049254 /* Sources */,
				EF867D472944748300049254 /* Frameworks */,
				EF867D482944748300049254 /* Resources */,
				F6C6437AD29779F457DA3FF3 /* [CP] Embed Pods Frameworks */,
			);
			buildRules = (
			);
			dependencies = (
			);
			name = "zhihunews-work";
			productName = "zhihunews-work";
			productReference = EF867D4A2944748300049254 /* zhihunews-work.app */;
			productType = "com.apple.product-type.application";
		};
		EF867D5F2944748400049254 /* zhihunews-workTests */ = {
			isa = PBXNativeTarget;
			buildConfigurationList = EF867D772944748400049254 /* Build configuration list for PBXNativeTarget "zhihunews-workTests" */;
			buildPhases = (
				5C6DE46AF6766607BAA5A18F /* [CP] Check Pods Manifest.lock */,
				EF867D5C2944748400049254 /* Sources */,
				EF867D5D2944748400049254 /* Frameworks */,
				EF867D5E2944748400049254 /* Resources */,
			);
			buildRules = (
			);
			dependencies = (
				EF867D622944748400049254 /* PBXTargetDependency */,
			);
			name = "zhihunews-workTests";
			productName = "zhihunews-workTests";
			productReference = EF867D602944748400049254 /* zhihunews-workTests.xctest */;
			productType = "com.apple.product-type.bundle.unit-test";
		};
		EF867D692944748400049254 /* zhihunews-workUITests */ = {
			isa = PBXNativeTarget;
			buildConfigurationList = EF867D7A2944748400049254 /* Build configuration list for PBXNativeTarget "zhihunews-workUITests" */;
			buildPhases = (
				5803060A20CCB249D071C745 /* [CP] Check Pods Manifest.lock */,
				EF867D662944748400049254 /* Sources */,
				EF867D672944748400049254 /* Frameworks */,
				EF867D682944748400049254 /* Resources */,
				CD34B42E9C8D3865776C48C1 /* [CP] Embed Pods Frameworks */,
			);
			buildRules = (
			);
			dependencies = (
				EF867D6C2944748400049254 /* PBXTargetDependency */,
			);
			name = "zhihunews-workUITests";
			productName = "zhihunews-workUITests";
			productReference = EF867D6A2944748400049254 /* zhihunews-workUITests.xctest */;
			productType = "com.apple.product-type.bundle.ui-testing";
		};
/* End PBXNativeTarget section */

/* Begin PBXProject section */
		EF867D422944748300049254 /* Project object */ = {
			isa = PBXProject;
			attributes = {
				BuildIndependentTargetsInParallel = 1;
				LastSwiftUpdateCheck = 1410;
				LastUpgradeCheck = 1410;
				TargetAttributes = {
					EF867D492944748300049254 = {
						CreatedOnToolsVersion = 14.1;
					};
					EF867D5F2944748400049254 = {
						CreatedOnToolsVersion = 14.1;
						TestTargetID = EF867D492944748300049254;
					};
					EF867D692944748400049254 = {
						CreatedOnToolsVersion = 14.1;
						TestTargetID = EF867D492944748300049254;
					};
				};
			};
			buildConfigurationList = EF867D452944748300049254 /* Build configuration list for PBXProject "zhihunews-work" */;
			compatibilityVersion = "Xcode 14.0";
			developmentRegion = en;
			hasScannedForEncodings = 0;
			knownRegions = (
				en,
				Base,
			);
			mainGroup = EF867D412944748300049254;
			productRefGroup = EF867D4B2944748300049254 /* Products */;
			projectDirPath = "";
			projectRoot = "";
			targets = (
				EF867D492944748300049254 /* zhihunews-work */,
				EF867D5F2944748400049254 /* zhihunews-workTests */,
				EF867D692944748400049254 /* zhihunews-workUITests */,
			);
		};
/* End PBXProject section */

/* Begin PBXResourcesBuildPhase section */
		EF867D482944748300049254 /* Resources */ = {
			isa = PBXResourcesBuildPhase;
			buildActionMask = 2147483647;
			files = (
				EF867D5A2944748400049254 /* LaunchScreen.storyboard in Resources */,
				EF867D572944748400049254 /* Assets.xcassets in Resources */,
			);
			runOnlyForDeploymentPostprocessing = 0;
		};
		EF867D5E2944748400049254 /* Resources */ = {
			isa = PBXResourcesBuildPhase;
			buildActionMask = 2147483647;
			files = (
			);
			runOnlyForDeploymentPostprocessing = 0;
		};
		EF867D682944748400049254 /* Resources */ = {
			isa = PBXResourcesBuildPhase;
			buildActionMask = 2147483647;
			files = (
			);
			runOnlyForDeploymentPostprocessing = 0;
		};
/* End PBXResourcesBuildPhase section */

/* Begin PBXShellScriptBuildPhase section */
		5803060A20CCB249D071C745 /* [CP] Check Pods Manifest.lock */ = {
			isa = PBXShellScriptBuildPhase;
			buildActionMask = 2147483647;
			files = (
			);
			inputFileListPaths = (
			);
			inputPaths = (
				"${PODS_PODFILE_DIR_PATH}/Podfile.lock",
				"${PODS_ROOT}/Manifest.lock",
			);
			name = "[CP] Check Pods Manifest.lock";
			outputFileListPaths = (
			);
			outputPaths = (
				"$(DERIVED_FILE_DIR)/Pods-zhihunews-work-zhihunews-workUITests-checkManifestLockResult.txt",
			);
			runOnlyForDeploymentPostprocessing = 0;
			shellPath = /bin/sh;
			shellScript = "diff \"${PODS_PODFILE_DIR_PATH}/Podfile.lock\" \"${PODS_ROOT}/Manifest.lock\" > /dev/null\nif [ $? != 0 ] ; then\n    # print error to STDERR\n    echo \"error: The sandbox is not in sync with the Podfile.lock. Run 'pod install' or update your CocoaPods installation.\" >&2\n    exit 1\nfi\n# This output is used by Xcode 'outputs' to avoid re-running this script phase.\necho \"SUCCESS\" > \"${SCRIPT_OUTPUT_FILE_0}\"\n";
			showEnvVarsInLog = 0;
		};
		5C6DE46AF6766607BAA5A18F /* [CP] Check Pods Manifest.lock */ = {
			isa = PBXShellScriptBuildPhase;
			buildActionMask = 2147483647;
			files = (
			);
			inputFileListPaths = (
			);
			inputPaths = (
				"${PODS_PODFILE_DIR_PATH}/Podfile.lock",
				"${PODS_ROOT}/Manifest.lock",
			);
			name = "[CP] Check Pods Manifest.lock";
			outputFileListPaths = (
			);
			outputPaths = (
				"$(DERIVED_FILE_DIR)/Pods-zhihunews-workTests-checkManifestLockResult.txt",
			);
			runOnlyForDeploymentPostprocessing = 0;
			shellPath = /bin/sh;
			shellScript = "diff \"${PODS_PODFILE_DIR_PATH}/Podfile.lock\" \"${PODS_ROOT}/Manifest.lock\" > /dev/null\nif [ $? != 0 ] ; then\n    # print error to STDERR\n    echo \"error: The sandbox is not in sync with the Podfile.lock. Run 'pod install' or update your CocoaPods installation.\" >&2\n    exit 1\nfi\n# This output is used by Xcode 'outputs' to avoid re-running this script phase.\necho \"SUCCESS\" > \"${SCRIPT_OUTPUT_FILE_0}\"\n";
			showEnvVarsInLog = 0;
		};
		8DCC5B2B80CE7284D3B97B25 /* [CP] Check Pods Manifest.lock */ = {
			isa = PBXShellScriptBuildPhase;
			buildActionMask = 2147483647;
			files = (
			);
			inputFileListPaths = (
			);
			inputPaths = (
				"${PODS_PODFILE_DIR_PATH}/Podfile.lock",
				"${PODS_ROOT}/Manifest.lock",
			);
			name = "[CP] Check Pods Manifest.lock";
			outputFileListPaths = (
			);
			outputPaths = (
				"$(DERIVED_FILE_DIR)/Pods-zhihunews-work-checkManifestLockResult.txt",
			);
			runOnlyForDeploymentPostprocessing = 0;
			shellPath = /bin/sh;
			shellScript = "diff \"${PODS_PODFILE_DIR_PATH}/Podfile.lock\" \"${PODS_ROOT}/Manifest.lock\" > /dev/null\nif [ $? != 0 ] ; then\n    # print error to STDERR\n    echo \"error: The sandbox is not in sync with the Podfile.lock. Run 'pod install' or update your CocoaPods installation.\" >&2\n    exit 1\nfi\n# This output is used by Xcode 'outputs' to avoid re-running this script phase.\necho \"SUCCESS\" > \"${SCRIPT_OUTPUT_FILE_0}\"\n";
			showEnvVarsInLog = 0;
		};
		CD34B42E9C8D3865776C48C1 /* [CP] Embed Pods Frameworks */ = {
			isa = PBXShellScriptBuildPhase;
			buildActionMask = 2147483647;
			files = (
			);
			inputFileListPaths = (
				"${PODS_ROOT}/Target Support Files/Pods-zhihunews-work-zhihunews-workUITests/Pods-zhihunews-work-zhihunews-workUITests-frameworks-${CONFIGURATION}-input-files.xcfilelist",
			);
			name = "[CP] Embed Pods Frameworks";
			outputFileListPaths = (
				"${PODS_ROOT}/Target Support Files/Pods-zhihunews-work-zhihunews-workUITests/Pods-zhihunews-work-zhihunews-workUITests-frameworks-${CONFIGURATION}-output-files.xcfilelist",
			);
			runOnlyForDeploymentPostprocessing = 0;
			shellPath = /bin/sh;
			shellScript = "\"${PODS_ROOT}/Target Support Files/Pods-zhihunews-work-zhihunews-workUITests/Pods-zhihunews-work-zhihunews-workUITests-frameworks.sh\"\n";
			showEnvVarsInLog = 0;
		};
		F6C6437AD29779F457DA3FF3 /* [CP] Embed Pods Frameworks */ = {
			isa = PBXShellScriptBuildPhase;
			buildActionMask = 2147483647;
			files = (
			);
			inputFileListPaths = (
				"${PODS_ROOT}/Target Support Files/Pods-zhihunews-work/Pods-zhihunews-work-frameworks-${CONFIGURATION}-input-files.xcfilelist",
			);
			name = "[CP] Embed Pods Frameworks";
			outputFileListPaths = (
				"${PODS_ROOT}/Target Support Files/Pods-zhihunews-work/Pods-zhihunews-work-frameworks-${CONFIGURATION}-output-files.xcfilelist",
			);
			runOnlyForDeploymentPostprocessing = 0;
			shellPath = /bin/sh;
			shellScript = "\"${PODS_ROOT}/Target Support Files/Pods-zhihunews-work/Pods-zhihunews-work-frameworks.sh\"\n";
			showEnvVarsInLog = 0;
		};
/* End PBXShellScriptBuildPhase section */

/* Begin PBXSourcesBuildPhase section */
		EF867D462944748300049254 /* Sources */ = {
			isa = PBXSourcesBuildPhase;
			buildActionMask = 2147483647;
			files = (
				EF867D522944748300049254 /* NavigationViewController.swift in Sources */,
				EF8A4E31294C813800EA3D64 /* stories.swift in Sources */,
				EF867D4E2944748300049254 /* AppDelegate.swift in Sources */,
				EF867D81294483A500049254 /* HomeViewController.swift in Sources */,
			);
			runOnlyForDeploymentPostprocessing = 0;
		};
		EF867D5C2944748400049254 /* Sources */ = {
			isa = PBXSourcesBuildPhase;
			buildActionMask = 2147483647;
			files = (
				EF867D652944748400049254 /* zhihunews_workTests.swift in Sources */,
			);
			runOnlyForDeploymentPostprocessing = 0;
		};
		EF867D662944748400049254 /* Sources */ = {
			isa = PBXSourcesBuildPhase;
			buildActionMask = 2147483647;
			files = (
				EF867D6F2944748400049254 /* zhihunews_workUITests.swift in Sources */,
				EF867D712944748400049254 /* zhihunews_workUITestsLaunchTests.swift in Sources */,
			);
			runOnlyForDeploymentPostprocessing = 0;
		};
/* End PBXSourcesBuildPhase section */

/* Begin PBXTargetDependency section */
		EF867D622944748400049254 /* PBXTargetDependency */ = {
			isa = PBXTargetDependency;
			target = EF867D492944748300049254 /* zhihunews-work */;
			targetProxy = EF867D612944748400049254 /* PBXContainerItemProxy */;
		};
		EF867D6C2944748400049254 /* PBXTargetDependency */ = {
			isa = PBXTargetDependency;
			target = EF867D492944748300049254 /* zhihunews-work */;
			targetProxy = EF867D6B2944748400049254 /* PBXContainerItemProxy */;
		};
/* End PBXTargetDependency section */

/* Begin PBXVariantGroup section */
		EF867D582944748400049254 /* LaunchScreen.storyboard */ = {
			isa = PBXVariantGroup;
			children = (
				EF867D592944748400049254 /* Base */,
			);
			name = LaunchScreen.storyboard;
			sourceTree = "<group>";
		};
/* End PBXVariantGroup section */

/* Begin XCBuildConfiguration section */
		EF867D722944748400049254 /* Debug */ = {
			isa = XCBuildConfiguration;
			buildSettings = {
				ALWAYS_SEARCH_USER_PATHS = NO;
				CLANG_ANALYZER_NONNULL = YES;
				CLANG_ANALYZER_NUMBER_OBJECT_CONVERSION = YES_AGGRESSIVE;
				CLANG_CXX_LANGUAGE_STANDARD = "gnu++20";
				CLANG_ENABLE_MODULES = YES;
				CLANG_ENABLE_OBJC_ARC = YES;
				CLANG_ENABLE_OBJC_WEAK = YES;
				CLANG_WARN_BLOCK_CAPTURE_AUTORELEASING = YES;
				CLANG_WARN_BOOL_CONVERSION = YES;
				CLANG_WARN_COMMA = YES;
				CLANG_WARN_CONSTANT_CONVERSION = YES;
				CLANG_WARN_DEPRECATED_OBJC_IMPLEMENTATIONS = YES;
				CLANG_WARN_DIRECT_OBJC_ISA_USAGE = YES_ERROR;
				CLANG_WARN_DOCUMENTATION_COMMENTS = YES;
				CLANG_WARN_EMPTY_BODY = YES;
				CLANG_WARN_ENUM_CONVERSION = YES;
				CLANG_WARN_INFINITE_RECURSION = YES;
				CLANG_WARN_INT_CONVERSION = YES;
				CLANG_WARN_NON_LITERAL_NULL_CONVERSION = YES;
				CLANG_WARN_OBJC_IMPLICIT_RETAIN_SELF = YES;
				CLANG_WARN_OBJC_LITERAL_CONVERSION = YES;
				CLANG_WARN_OBJC_ROOT_CLASS = YES_ERROR;
				CLANG_WARN_QUOTED_INCLUDE_IN_FRAMEWORK_HEADER = YES;
				CLANG_WARN_RANGE_LOOP_ANALYSIS = YES;
				CLANG_WARN_STRICT_PROTOTYPES = YES;
				CLANG_WARN_SUSPICIOUS_MOVE = YES;
				CLANG_WARN_UNGUARDED_AVAILABILITY = YES_AGGRESSIVE;
				CLANG_WARN_UNREACHABLE_CODE = YES;
				CLANG_WARN__DUPLICATE_METHOD_MATCH = YES;
				COPY_PHASE_STRIP = NO;
				DEBUG_INFORMATION_FORMAT = dwarf;
				ENABLE_STRICT_OBJC_MSGSEND = YES;
				ENABLE_TESTABILITY = YES;
				GCC_C_LANGUAGE_STANDARD = gnu11;
				GCC_DYNAMIC_NO_PIC = NO;
				GCC_NO_COMMON_BLOCKS = YES;
				GCC_OPTIMIZATION_LEVEL = 0;
				GCC_PREPROCESSOR_DEFINITIONS = (
					"DEBUG=1",
					"$(inherited)",
				);
				GCC_WARN_64_TO_32_BIT_CONVERSION = YES;
				GCC_WARN_ABOUT_RETURN_TYPE = YES_ERROR;
				GCC_WARN_UNDECLARED_SELECTOR = YES;
				GCC_WARN_UNINITIALIZED_AUTOS = YES_AGGRESSIVE;
				GCC_WARN_UNUSED_FUNCTION = YES;
				GCC_WARN_UNUSED_VARIABLE = YES;
				IPHONEOS_DEPLOYMENT_TARGET = 16.1;
				MTL_ENABLE_DEBUG_INFO = INCLUDE_SOURCE;
				MTL_FAST_MATH = YES;
				ONLY_ACTIVE_ARCH = YES;
				SDKROOT = iphoneos;
				SWIFT_ACTIVE_COMPILATION_CONDITIONS = DEBUG;
				SWIFT_OPTIMIZATION_LEVEL = "-Onone";
			};
			name = Debug;
		};
		EF867D732944748400049254 /* Release */ = {
			isa = XCBuildConfiguration;
			buildSettings = {
				ALWAYS_SEARCH_USER_PATHS = NO;
				CLANG_ANALYZER_NONNULL = YES;
				CLANG_ANALYZER_NUMBER_OBJECT_CONVERSION = YES_AGGRESSIVE;
				CLANG_CXX_LANGUAGE_STANDARD = "gnu++20";
				CLANG_ENABLE_MODULES = YES;
				CLANG_ENABLE_OBJC_ARC = YES;
				CLANG_ENABLE_OBJC_WEAK = YES;
				CLANG_WARN_BLOCK_CAPTURE_AUTORELEASING = YES;
				CLANG_WARN_BOOL_CONVERSION = YES;
				CLANG_WARN_COMMA = YES;
				CLANG_WARN_CONSTANT_CONVERSION = YES;
				CLANG_WARN_DEPRECATED_OBJC_IMPLEMENTATIONS = YES;
				CLANG_WARN_DIRECT_OBJC_ISA_USAGE = YES_ERROR;
				CLANG_WARN_DOCUMENTATION_COMMENTS = YES;
				CLANG_WARN_EMPTY_BODY = YES;
				CLANG_WARN_ENUM_CONVERSION = YES;
				CLANG_WARN_INFINITE_RECURSION = YES;
				CLANG_WARN_INT_CONVERSION = YES;
				CLANG_WARN_NON_LITERAL_NULL_CONVERSION = YES;
				CLANG_WARN_OBJC_IMPLICIT_RETAIN_SELF = YES;
				CLANG_WARN_OBJC_LITERAL_CONVERSION = YES;
				CLANG_WARN_OBJC_ROOT_CLASS = YES_ERROR;
				CLANG_WARN_QUOTED_INCLUDE_IN_FRAMEWORK_HEADER = YES;
				CLANG_WARN_RANGE_LOOP_ANALYSIS = YES;
				CLANG_WARN_STRICT_PROTOTYPES = YES;
				CLANG_WARN_SUSPICIOUS_MOVE = YES;
				CLANG_WARN_UNGUARDED_AVAILABILITY = YES_AGGRESSIVE;
				CLANG_WARN_UNREACHABLE_CODE = YES;
				CLANG_WARN__DUPLICATE_METHOD_MATCH = YES;
				COPY_PHASE_STRIP = NO;
				DEBUG_INFORMATION_FORMAT = "dwarf-with-dsym";
				ENABLE_NS_ASSERTIONS = NO;
				ENABLE_STRICT_OBJC_MSGSEND = YES;
				GCC_C_LANGUAGE_STANDARD = gnu11;
				GCC_NO_COMMON_BLOCKS = YES;
				GCC_WARN_64_TO_32_BIT_CONVERSION = YES;
				GCC_WARN_ABOUT_RETURN_TYPE = YES_ERROR;
				GCC_WARN_UNDECLARED_SELECTOR = YES;
				GCC_WARN_UNINITIALIZED_AUTOS = YES_AGGRESSIVE;
				GCC_WARN_UNUSED_FUNCTION = YES;
				GCC_WARN_UNUSED_VARIABLE = YES;
				IPHONEOS_DEPLOYMENT_TARGET = 16.1;
				MTL_ENABLE_DEBUG_INFO = NO;
				MTL_FAST_MATH = YES;
				SDKROOT = iphoneos;
				SWIFT_COMPILATION_MODE = wholemodule;
				SWIFT_OPTIMIZATION_LEVEL = "-O";
				VALIDATE_PRODUCT = YES;
			};
			name = Release;
		};
		EF867D752944748400049254 /* Debug */ = {
			isa = XCBuildConfiguration;
			baseConfigurationReference = FDF3883229F94A0825016A03 /* Pods-zhihunews-work.debug.xcconfig */;
			buildSettings = {
				ASSETCATALOG_COMPILER_APPICON_NAME = AppIcon;
				ASSETCATALOG_COMPILER_GLOBAL_ACCENT_COLOR_NAME = AccentColor;
				CODE_SIGN_STYLE = Automatic;
				CURRENT_PROJECT_VERSION = 1;
				GENERATE_INFOPLIST_FILE = YES;
				INFOPLIST_FILE = "zhihunews-work/Info.plist";
				INFOPLIST_KEY_UIApplicationSupportsIndirectInputEvents = YES;
				INFOPLIST_KEY_UILaunchStoryboardName = LaunchScreen;
				INFOPLIST_KEY_UISupportedInterfaceOrientations_iPad = "UIInterfaceOrientationPortrait UIInterfaceOrientationPortraitUpsideDown UIInterfaceOrientationLandscapeLeft UIInterfaceOrientationLandscapeRight";
				INFOPLIST_KEY_UISupportedInterfaceOrientations_iPhone = "UIInterfaceOrientationPortrait UIInterfaceOrientationLandscapeLeft UIInterfaceOrientationLandscapeRight";
				IPHONEOS_DEPLOYMENT_TARGET = 11.0;
				LD_RUNPATH_SEARCH_PATHS = (
					"$(inherited)",
					"@executable_path/Frameworks",
				);
				MARKETING_VERSION = 1.0;
				PRODUCT_BUNDLE_IDENTIFIER = "lv1.zhihunews-work";
				PRODUCT_NAME = "$(TARGET_NAME)";
				SWIFT_EMIT_LOC_STRINGS = YES;
				SWIFT_VERSION = 5.0;
				TARGETED_DEVICE_FAMILY = "1,2";
			};
			name = Debug;
		};
		EF867D762944748400049254 /* Release */ = {
			isa = XCBuildConfiguration;
			baseConfigurationReference = CE4D4D2D4B3FEFE5EBA8B1E3 /* Pods-zhihunews-work.release.xcconfig */;
			buildSettings = {
				ASSETCATALOG_COMPILER_APPICON_NAME = AppIcon;
				ASSETCATALOG_COMPILER_GLOBAL_ACCENT_COLOR_NAME = AccentColor;
				CODE_SIGN_STYLE = Automatic;
				CURRENT_PROJECT_VERSION = 1;
				GENERATE_INFOPLIST_FILE = YES;
				INFOPLIST_FILE = "zhihunews-work/Info.plist";
				INFOPLIST_KEY_UIApplicationSupportsIndirectInputEvents = YES;
				INFOPLIST_KEY_UILaunchStoryboardName = LaunchScreen;
				INFOPLIST_KEY_UISupportedInterfaceOrientations_iPad = "UIInterfaceOrientationPortrait UIInterfaceOrientationPortraitUpsideDown UIInterfaceOrientationLandscapeLeft UIInterfaceOrientationLandscapeRight";
				INFOPLIST_KEY_UISupportedInterfaceOrientations_iPhone = "UIInterfaceOrientationPortrait UIInterfaceOrientationLandscapeLeft UIInterfaceOrientationLandscapeRight";
				IPHONEOS_DEPLOYMENT_TARGET = 11.0;
				LD_RUNPATH_SEARCH_PATHS = (
					"$(inherited)",
					"@executable_path/Frameworks",
				);
				MARKETING_VERSION = 1.0;
				PRODUCT_BUNDLE_IDENTIFIER = "lv1.zhihunews-work";
				PRODUCT_NAME = "$(TARGET_NAME)";
				SWIFT_EMIT_LOC_STRINGS = YES;
				SWIFT_VERSION = 5.0;
				TARGETED_DEVICE_FAMILY = "1,2";
			};
			name = Release;
		};
		EF867D782944748400049254 /* Debug */ = {
			isa = XCBuildConfiguration;
			baseConfigurationReference = A75A0378EE16977F26240781 /* Pods-zhihunews-workTests.debug.xcconfig */;
			buildSettings = {
				ALWAYS_EMBED_SWIFT_STANDARD_LIBRARIES = YES;
				BUNDLE_LOADER = "$(TEST_HOST)";
				CODE_SIGN_STYLE = Automatic;
				CURRENT_PROJECT_VERSION = 1;
				GENERATE_INFOPLIST_FILE = YES;
				IPHONEOS_DEPLOYMENT_TARGET = 16.1;
				MARKETING_VERSION = 1.0;
				PRODUCT_BUNDLE_IDENTIFIER = "lv1.zhihunews-workTests";
				PRODUCT_NAME = "$(TARGET_NAME)";
				SWIFT_EMIT_LOC_STRINGS = NO;
				SWIFT_VERSION = 5.0;
				TARGETED_DEVICE_FAMILY = "1,2";
				TEST_HOST = "$(BUILT_PRODUCTS_DIR)/zhihunews-work.app/$(BUNDLE_EXECUTABLE_FOLDER_PATH)/zhihunews-work";
			};
			name = Debug;
		};
		EF867D792944748400049254 /* Release */ = {
			isa = XCBuildConfiguration;
			baseConfigurationReference = C785F13EE3F9218F631CE9DB /* Pods-zhihunews-workTests.release.xcconfig */;
			buildSettings = {
				ALWAYS_EMBED_SWIFT_STANDARD_LIBRARIES = YES;
				BUNDLE_LOADER = "$(TEST_HOST)";
				CODE_SIGN_STYLE = Automatic;
				CURRENT_PROJECT_VERSION = 1;
				GENERATE_INFOPLIST_FILE = YES;
				IPHONEOS_DEPLOYMENT_TARGET = 16.1;
				MARKETING_VERSION = 1.0;
				PRODUCT_BUNDLE_IDENTIFIER = "lv1.zhihunews-workTests";
				PRODUCT_NAME = "$(TARGET_NAME)";
				SWIFT_EMIT_LOC_STRINGS = NO;
				SWIFT_VERSION = 5.0;
				TARGETED_DEVICE_FAMILY = "1,2";
				TEST_HOST = "$(BUILT_PRODUCTS_DIR)/zhihunews-work.app/$(BUNDLE_EXECUTABLE_FOLDER_PATH)/zhihunews-work";
			};
			name = Release;
		};
		EF867D7B2944748400049254 /* Debug */ = {
			isa = XCBuildConfiguration;
			baseConfigurationReference = EACA3AA7BA19BD18501CDBCB /* Pods-zhihunews-work-zhihunews-workUITests.debug.xcconfig */;
			buildSettings = {
				ALWAYS_EMBED_SWIFT_STANDARD_LIBRARIES = YES;
				CODE_SIGN_STYLE = Automatic;
				CURRENT_PROJECT_VERSION = 1;
				GENERATE_INFOPLIST_FILE = YES;
				MARKETING_VERSION = 1.0;
				PRODUCT_BUNDLE_IDENTIFIER = "lv1.zhihunews-workUITests";
				PRODUCT_NAME = "$(TARGET_NAME)";
				SWIFT_EMIT_LOC_STRINGS = NO;
				SWIFT_VERSION = 5.0;
				TARGETED_DEVICE_FAMILY = "1,2";
				TEST_TARGET_NAME = "zhihunews-work";
			};
			name = Debug;
		};
		EF867D7C2944748400049254 /* Release */ = {
			isa = XCBuildConfiguration;
			baseConfigurationReference = 976F3A3B31C08577F1B89634 /* Pods-zhihunews-work-zhihunews-workUITests.release.xcconfig */;
			buildSettings = {
				ALWAYS_EMBED_SWIFT_STANDARD_LIBRARIES = YES;
				CODE_SIGN_STYLE = Automatic;
				CURRENT_PROJECT_VERSION = 1;
				GENERATE_INFOPLIST_FILE = YES;
				MARKETING_VERSION = 1.0;
				PRODUCT_BUNDLE_IDENTIFIER = "lv1.zhihunews-workUITests";
				PRODUCT_NAME = "$(TARGET_NAME)";
				SWIFT_EMIT_LOC_STRINGS = NO;
				SWIFT_VERSION = 5.0;
				TARGETED_DEVICE_FAMILY = "1,2";
				TEST_TARGET_NAME = "zhihunews-work";
			};
			name = Release;
		};
/* End XCBuildConfiguration section */

/* Begin XCConfigurationList section */
		EF867D452944748300049254 /* Build configuration list for PBXProject "zhihunews-work" */ = {
			isa = XCConfigurationList;
			buildConfigurations = (
				EF867D722944748400049254 /* Debug */,
				EF867D732944748400049254 /* Release */,
			);
			defaultConfigurationIsVisible = 0;
			defaultConfigurationName = Release;
		};
		EF867D742944748400049254 /* Build configuration list for PBXNativeTarget "zhihunews-work" */ = {
			isa = XCConfigurationList;
			buildConfigurations = (
				EF867D752944748400049254 /* Debug */,
				EF867D762944748400049254 /* Release */,
			);
			defaultConfigurationIsVisible = 0;
			defaultConfigurationName = Release;
		};
		EF867D772944748400049254 /* Build configuration list for PBXNativeTarget "zhihunews-workTests" */ = {
			isa = XCConfigurationList;
			buildConfigurations = (
				EF867D782944748400049254 /* Debug */,
				EF867D792944748400049254 /* Release */,
			);
			defaultConfigurationIsVisible = 0;
			defaultConfigurationName = Release;
		};
		EF867D7A2944748400049254 /* Build configuration list for PBXNativeTarget "zhihunews-workUITests" */ = {
			isa = XCConfigurationList;
			buildConfigurations = (
				EF867D7B2944748400049254 /* Debug */,
				EF867D7C2944748400049254 /* Release */,
			);
			defaultConfigurationIsVisible = 0;
			defaultConfigurationName = Release;
		};
/* End XCConfigurationList section */
	};
	rootObject = EF867D422944748300049254 /* Project object */;
}
